
Microsoft Visual Studio Solution File, Format Version 12.00
# Visual Studio Version 17
VisualStudioVersion = 17.5.33530.505
MinimumVisualStudioVersion = 10.0.40219.1
Project("{FAE04EC0-301F-11D3-BF4B-00C04F79EFBC}") = "SinkomBlog.Web", "SinkomBlog.Web\SinkomBlog.Web.csproj", "{DF2F577C-73A8-404D-ACA5-B4F02E819020}"
EndProject
Project("{FAE04EC0-301F-11D3-BF4B-00C04F79EFBC}") = "SincomBlog.BusinessSin", "SinkomBlog.BusinessSin\SincomBlog.BusinessSin.csproj", "{DD50BA15-AFF3-49C8-BE77-EDFF4C39BA98}"
EndProject
Project("{FAE04EC0-301F-11D3-BF4B-00C04F79EFBC}") = "SincomBlog.DataAccessSin", "SincomBlog.DataAccessSin\SincomBlog.DataAccessSin.csproj", "{0B563AF0-5308-4C71-9A4C-F9F5A4F73269}"
EndProject
Project("{FAE04EC0-301F-11D3-BF4B-00C04F79EFBC}") = "SincomBlog.EntitySin", "SincomBlog.EntitySin\SincomBlog.EntitySin.csproj", "{66A7887D-09F5-4A64-8530-215F43C8E3C7}"
EndProject
Project("{FAE04EC0-301F-11D3-BF4B-00C04F79EFBC}") = "SincomBlog.Sharedsin", "SincomBlog.Sharedsin\SincomBlog.Sharedsin.csproj", "{DDBCC529-E49F-48F1-9F64-EBEE3D02E8AA}"
EndProject
Global
	GlobalSection(SolutionConfigurationPlatforms) = preSolution
		Debug|Any CPU = Debug|Any CPU
		Release|Any CPU = Release|Any CPU
	EndGlobalSection
	GlobalSection(ProjectConfigurationPlatforms) = postSolution
		{DF2F577C-73A8-404D-ACA5-B4F02E819020}.Debug|Any CPU.ActiveCfg = Debug|Any CPU
		{DF2F577C-73A8-404D-ACA5-B4F02E819020}.Debug|Any CPU.Build.0 = Debug|Any CPU
		{DF2F577C-73A8-404D-ACA5-B4F02E819020}.Release|Any CPU.ActiveCfg = Release|Any CPU
		{DF2F577C-73A8-404D-ACA5-B4F02E819020}.Release|Any CPU.Build.0 = Release|Any CPU
		{DD50BA15-AFF3-49C8-BE77-EDFF4C39BA98}.Debug|Any CPU.ActiveCfg = Debug|Any CPU
		{DD50BA15-AFF3-49C8-BE77-EDFF4C39BA98}.Debug|Any CPU.Build.0 = Debug|Any CPU
		{DD50BA15-AFF3-49C8-BE77-EDFF4C39BA98}.Release|Any CPU.ActiveCfg = Release|Any CPU
		{DD50BA15-AFF3-49C8-BE77-EDFF4C39BA98}.Release|Any CPU.Build.0 = Release|Any CPU
		{0B563AF0-5308-4C71-9A4C-F9F5A4F73269}.Debug|Any CPU.ActiveCfg = Debug|Any CPU
		{0B563AF0-5308-4C71-9A4C-F9F5A4F73269}.Debug|Any CPU.Build.0 = Debug|Any CPU
		{0B563AF0-5308-4C71-9A4C-F9F5A4F73269}.Release|Any CPU.ActiveCfg = Release|Any CPU
		{0B563AF0-5308-4C71-9A4C-F9F5A4F73269}.Release|Any CPU.Build.0 = Release|Any CPU
		{66A7887D-09F5-4A64-8530-215F43C8E3C7}.Debug|Any CPU.ActiveCfg = Debug|Any CPU
		{66A7887D-09F5-4A64-8530-215F43C8E3C7}.Debug|Any CPU.Build.0 = Debug|Any CPU
		{66A7887D-09F5-4A64-8530-215F43C8E3C7}.Release|Any CPU.ActiveCfg = Release|Any CPU
		{66A7887D-09F5-4A64-8530-215F43C8E3C7}.Release|Any CPU.Build.0 = Release|Any CPU
		{DDBCC529-E49F-48F1-9F64-EBEE3D02E8AA}.Debug|Any CPU.ActiveCfg = Debug|Any CPU
		{DDBCC529-E49F-48F1-9F64-EBEE3D02E8AA}.Debug|Any CPU.Build.0 = Debug|Any CPU
		{DDBCC529-E49F-48F1-9F64-EBEE3D02E8AA}.Release|Any CPU.ActiveCfg = Release|Any CPU
		{DDBCC529-E49F-48F1-9F64-EBEE3D02E8AA}.Release|Any CPU.Build.0 = Release|Any CPU
	EndGlobalSection
	GlobalSection(SolutionProperties) = preSolution
		HideSolutionNode = FALSE
	EndGlobalSection
	GlobalSection(ExtensibilityGlobals) = postSolution
		SolutionGuid = {DDB14523-07AE-4FEF-B50F-A13C585B8265}
	EndGlobalSection
EndGlobal
